
Microsoft Visual Studio Solution File, Format Version 12.00
# Visual Studio Version 16
VisualStudioVersion = 16.0.29503.13
MinimumVisualStudioVersion = 10.0.40219.1
Project("{8BC9CEB8-8B4A-11D0-8D11-00A0C91BC942}") = "SimpleGameEngine", "Source\SimpleGameEngine.vcxproj", "{76E562BD-9C24-447D-9483-0BB16EC46D99}"
EndProject
Global
	GlobalSection(SolutionConfigurationPlatforms) = preSolution
		Debug|Win32 = Debug|Win32
		Debug|Win64 = Debug|Win64
		Release|Win32 = Release|Win32
		Release|Win64 = Release|Win64
	EndGlobalSection
	GlobalSection(ProjectConfigurationPlatforms) = postSolution
		{76E562BD-9C24-447D-9483-0BB16EC46D99}.Debug|Win32.ActiveCfg = Debug|Win32
		{76E562BD-9C24-447D-9483-0BB16EC46D99}.Debug|Win32.Build.0 = Debug|Win32
		{76E562BD-9C24-447D-9483-0BB16EC46D99}.Debug|Win64.ActiveCfg = Debug|x64
		{76E562BD-9C24-447D-9483-0BB16EC46D99}.Debug|Win64.Build.0 = Debug|x64
		{76E562BD-9C24-447D-9483-0BB16EC46D99}.Release|Win32.ActiveCfg = Release|Win32
		{76E562BD-9C24-447D-9483-0BB16EC46D99}.Release|Win32.Build.0 = Release|Win32
		{76E562BD-9C24-447D-9483-0BB16EC46D99}.Release|Win64.ActiveCfg = Release|x64
		{76E562BD-9C24-447D-9483-0BB16EC46D99}.Release|Win64.Build.0 = Release|x64
	EndGlobalSection
	GlobalSection(SolutionProperties) = preSolution
		HideSolutionNode = FALSE
	EndGlobalSection
	GlobalSection(ExtensibilityGlobals) = postSolution
		SolutionGuid = {23387F72-DDAA-488C-9655-AEAEA53CCE16}
	EndGlobalSection
EndGlobal
